// !$*UTF8*$!
{
	archiveVersion = 1;
	classes = {
	};
	objectVersion = 50;
	objects = {

/* Begin PBXBuildFile section */
		B41B77AC26513B3000DB1546 /* AppDelegate.swift in Sources */ = {isa = PBXBuildFile; fileRef = B41B77AB26513B3000DB1546 /* AppDelegate.swift */; };
		B41B77AE26513B3000DB1546 /* SceneDelegate.swift in Sources */ = {isa = PBXBuildFile; fileRef = B41B77AD26513B3000DB1546 /* SceneDelegate.swift */; };
		B41B77B026513B3000DB1546 /* ViewController.swift in Sources */ = {isa = PBXBuildFile; fileRef = B41B77AF26513B3000DB1546 /* ViewController.swift */; };
		B41B77B326513B3000DB1546 /* Main.storyboard in Resources */ = {isa = PBXBuildFile; fileRef = B41B77B126513B3000DB1546 /* Main.storyboard */; };
		B41B77B626513B3000DB1546 /* stopWatch.xcdatamodeld in Sources */ = {isa = PBXBuildFile; fileRef = B41B77B426513B3000DB1546 /* stopWatch.xcdatamodeld */; };
		B41B77B826513B3700DB1546 /* Assets.xcassets in Resources */ = {isa = PBXBuildFile; fileRef = B41B77B726513B3700DB1546 /* Assets.xcassets */; };
		B41B77BB26513B3700DB1546 /* LaunchScreen.storyboard in Resources */ = {isa = PBXBuildFile; fileRef = B41B77B926513B3700DB1546 /* LaunchScreen.storyboard */; };
		B41B77C626513B3700DB1546 /* stopWatchTests.swift in Sources */ = {isa = PBXBuildFile; fileRef = B41B77C526513B3700DB1546 /* stopWatchTests.swift */; };
		B41B77D126513B3800DB1546 /* stopWatchUITests.swift in Sources */ = {isa = PBXBuildFile; fileRef = B41B77D026513B3800DB1546 /* stopWatchUITests.swift */; };
/* End PBXBuildFile section */

/* Begin PBXContainerItemProxy section */
		B41B77C226513B3700DB1546 /* PBXContainerItemProxy */ = {
			isa = PBXContainerItemProxy;
			containerPortal = B41B77A026513B3000DB1546 /* Project object */;
			proxyType = 1;
			remoteGlobalIDString = B41B77A726513B3000DB1546;
			remoteInfo = stopWatch;
		};
		B41B77CD26513B3800DB1546 /* PBXContainerItemProxy */ = {
			isa = PBXContainerItemProxy;
			containerPortal = B41B77A026513B3000DB1546 /* Project object */;
			proxyType = 1;
			remoteGlobalIDString = B41B77A726513B3000DB1546;
			remoteInfo = stopWatch;
		};
/* End PBXContainerItemProxy section */

/* Begin PBXFileReference section */
		B41B77A826513B3000DB1546 /* stopWatch.app */ = {isa = PBXFileReference; explicitFileType = wrapper.application; includeInIndex = 0; path = stopWatch.app; sourceTree = BUILT_PRODUCTS_DIR; };
		B41B77AB26513B3000DB1546 /* AppDelegate.swift */ = {isa = PBXFileReference; lastKnownFileType = sourcecode.swift; path = AppDelegate.swift; sourceTree = "<group>"; };
		B41B77AD26513B3000DB1546 /* SceneDelegate.swift */ = {isa = PBXFileReference; lastKnownFileType = sourcecode.swift; path = SceneDelegate.swift; sourceTree = "<group>"; };
		B41B77AF26513B3000DB1546 /* ViewController.swift */ = {isa = PBXFileReference; lastKnownFileType = sourcecode.swift; path = ViewController.swift; sourceTree = "<group>"; };
		B41B77B226513B3000DB1546 /* Base */ = {isa = PBXFileReference; lastKnownFileType = file.storyboard; name = Base; path = Base.lproj/Main.storyboard; sourceTree = "<group>"; };
		B41B77B526513B3000DB1546 /* stopWatch.xcdatamodel */ = {isa = PBXFileReference; lastKnownFileType = wrapper.xcdatamodel; path = stopWatch.xcdatamodel; sourceTree = "<group>"; };
		B41B77B726513B3700DB1546 /* Assets.xcassets */ = {isa = PBXFileReference; lastKnownFileType = folder.assetcatalog; path = Assets.xcassets; sourceTree = "<group>"; };
		B41B77BA26513B3700DB1546 /* Base */ = {isa = PBXFileReference; lastKnownFileType = file.storyboard; name = Base; path = Base.lproj/LaunchScreen.storyboard; sourceTree = "<group>"; };
		B41B77BC26513B3700DB1546 /* Info.plist */ = {isa = PBXFileReference; lastKnownFileType = text.plist.xml; path = Info.plist; sourceTree = "<group>"; };
		B41B77C126513B3700DB1546 /* stopWatchTests.xctest */ = {isa = PBXFileReference; explicitFileType = wrapper.cfbundle; includeInIndex = 0; path = stopWatchTests.xctest; sourceTree = BUILT_PRODUCTS_DIR; };
		B41B77C526513B3700DB1546 /* stopWatchTests.swift */ = {isa = PBXFileReference; lastKnownFileType = sourcecode.swift; path = stopWatchTests.swift; sourceTree = "<group>"; };
		B41B77C726513B3700DB1546 /* Info.plist */ = {isa = PBXFileReference; lastKnownFileType = text.plist.xml; path = Info.plist; sourceTree = "<group>"; };
		B41B77CC26513B3800DB1546 /* stopWatchUITests.xctest */ = {isa = PBXFileReference; explicitFileType = wrapper.cfbundle; includeInIndex = 0; path = stopWatchUITests.xctest; sourceTree = BUILT_PRODUCTS_DIR; };
		B41B77D026513B3800DB1546 /* stopWatchUITests.swift */ = {isa = PBXFileReference; lastKnownFileType = sourcecode.swift; path = stopWatchUITests.swift; sourceTree = "<group>"; };
		B41B77D226513B3800DB1546 /* Info.plist */ = {isa = PBXFileReference; lastKnownFileType = text.plist.xml; path = Info.plist; sourceTree = "<group>"; };
/* End PBXFileReference section */

/* Begin PBXFrameworksBuildPhase section */
		B41B77A526513B3000DB1546 /* Frameworks */ = {
			isa = PBXFrameworksBuildPhase;
			buildActionMask = 2147483647;
			files = (
			);
			runOnlyForDeploymentPostprocessing = 0;
		};
		B41B77BE26513B3700DB1546 /* Frameworks */ = {
			isa = PBXFrameworksBuildPhase;
			buildActionMask = 2147483647;
			files = (
			);
			runOnlyForDeploymentPostprocessing = 0;
		};
		B41B77C926513B3800DB1546 /* Frameworks */ = {
			isa = PBXFrameworksBuildPhase;
			buildActionMask = 2147483647;
			files = (
			);
			runOnlyForDeploymentPostprocessing = 0;
		};
/* End PBXFrameworksBuildPhase section */

/* Begin PBXGroup section */
		B41B779F26513B3000DB1546 = {
			isa = PBXGroup;
			children = (
				B41B77AA26513B3000DB1546 /* stopWatch */,
				B41B77C426513B3700DB1546 /* stopWatchTests */,
				B41B77CF26513B3800DB1546 /* stopWatchUITests */,
				B41B77A926513B3000DB1546 /* Products */,
			);
			sourceTree = "<group>";
		};
		B41B77A926513B3000DB1546 /* Products */ = {
			isa = PBXGroup;
			children = (
				B41B77A826513B3000DB1546 /* stopWatch.app */,
				B41B77C126513B3700DB1546 /* stopWatchTests.xctest */,
				B41B77CC26513B3800DB1546 /* stopWatchUITests.xctest */,
			);
			name = Products;
			sourceTree = "<group>";
		};
		B41B77AA26513B3000DB1546 /* stopWatch */ = {
			isa = PBXGroup;
			children = (
				B41B77AB26513B3000DB1546 /* AppDelegate.swift */,
				B41B77AD26513B3000DB1546 /* SceneDelegate.swift */,
				B41B77AF26513B3000DB1546 /* ViewController.swift */,
				B41B77B126513B3000DB1546 /* Main.storyboard */,
				B41B77B726513B3700DB1546 /* Assets.xcassets */,
				B41B77B926513B3700DB1546 /* LaunchScreen.storyboard */,
				B41B77BC26513B3700DB1546 /* Info.plist */,
				B41B77B426513B3000DB1546 /* stopWatch.xcdatamodeld */,
			);
			path = stopWatch;
			sourceTree = "<group>";
		};
		B41B77C426513B3700DB1546 /* stopWatchTests */ = {
			isa = PBXGroup;
			children = (
				B41B77C526513B3700DB1546 /* stopWatchTests.swift */,
				B41B77C726513B3700DB1546 /* Info.plist */,
			);
			path = stopWatchTests;
			sourceTree = "<group>";
		};
		B41B77CF26513B3800DB1546 /* stopWatchUITests */ = {
			isa = PBXGroup;
			children = (
				B41B77D026513B3800DB1546 /* stopWatchUITests.swift */,
				B41B77D226513B3800DB1546 /* Info.plist */,
			);
			path = stopWatchUITests;
			sourceTree = "<group>";
		};
/* End PBXGroup section */

/* Begin PBXNativeTarget section */
		B41B77A726513B3000DB1546 /* stopWatch */ = {
			isa = PBXNativeTarget;
			buildConfigurationList = B41B77D526513B3800DB1546 /* Build configuration list for PBXNativeTarget "stopWatch" */;
			buildPhases = (
				B41B77A426513B3000DB1546 /* Sources */,
				B41B77A526513B3000DB1546 /* Frameworks */,
				B41B77A626513B3000DB1546 /* Resources */,
			);
			buildRules = (
			);
			dependencies = (
			);
			name = stopWatch;
			productName = stopWatch;
			productReference = B41B77A826513B3000DB1546 /* stopWatch.app */;
			productType = "com.apple.product-type.application";
		};
		B41B77C026513B3700DB1546 /* stopWatchTests */ = {
			isa = PBXNativeTarget;
			buildConfigurationList = B41B77D826513B3800DB1546 /* Build configuration list for PBXNativeTarget "stopWatchTests" */;
			buildPhases = (
				B41B77BD26513B3700DB1546 /* Sources */,
				B41B77BE26513B3700DB1546 /* Frameworks */,
				B41B77BF26513B3700DB1546 /* Resources */,
			);
			buildRules = (
			);
			dependencies = (
				B41B77C326513B3700DB1546 /* PBXTargetDependency */,
			);
			name = stopWatchTests;
			productName = stopWatchTests;
			productReference = B41B77C126513B3700DB1546 /* stopWatchTests.xctest */;
			productType = "com.apple.product-type.bundle.unit-test";
		};
		B41B77CB26513B3800DB1546 /* stopWatchUITests */ = {
			isa = PBXNativeTarget;
			buildConfigurationList = B41B77DB26513B3800DB1546 /* Build configuration list for PBXNativeTarget "stopWatchUITests" */;
			buildPhases = (
				B41B77C826513B3800DB1546 /* Sources */,
				B41B77C926513B3800DB1546 /* Frameworks */,
				B41B77CA26513B3800DB1546 /* Resources */,
			);
			buildRules = (
			);
			dependencies = (
				B41B77CE26513B3800DB1546 /* PBXTargetDependency */,
			);
			name = stopWatchUITests;
			productName = stopWatchUITests;
			productReference = B41B77CC26513B3800DB1546 /* stopWatchUITests.xctest */;
			productType = "com.apple.product-type.bundle.ui-testing";
		};
/* End PBXNativeTarget section */

/* Begin PBXProject section */
		B41B77A026513B3000DB1546 /* Project object */ = {
			isa = PBXProject;
			attributes = {
				LastSwiftUpdateCheck = 1250;
				LastUpgradeCheck = 1250;
				TargetAttributes = {
					B41B77A726513B3000DB1546 = {
						CreatedOnToolsVersion = 12.5;
					};
					B41B77C026513B3700DB1546 = {
						CreatedOnToolsVersion = 12.5;
						TestTargetID = B41B77A726513B3000DB1546;
					};
					B41B77CB26513B3800DB1546 = {
						CreatedOnToolsVersion = 12.5;
						TestTargetID = B41B77A726513B3000DB1546;
					};
				};
			};
			buildConfigurationList = B41B77A326513B3000DB1546 /* Build configuration list for PBXProject "stopWatch" */;
			compatibilityVersion = "Xcode 9.3";
			developmentRegion = en;
			hasScannedForEncodings = 0;
			knownRegions = (
				en,
				Base,
			);
			mainGroup = B41B779F26513B3000DB1546;
			productRefGroup = B41B77A926513B3000DB1546 /* Products */;
			projectDirPath = "";
			projectRoot = "";
			targets = (
				B41B77A726513B3000DB1546 /* stopWatch */,
				B41B77C026513B3700DB1546 /* stopWatchTests */,
				B41B77CB26513B3800DB1546 /* stopWatchUITests */,
			);
		};
/* End PBXProject section */

/* Begin PBXResourcesBuildPhase section */
		B41B77A626513B3000DB1546 /* Resources */ = {
			isa = PBXResourcesBuildPhase;
			buildActionMask = 2147483647;
			files = (
				B41B77BB26513B3700DB1546 /* LaunchScreen.storyboard in Resources */,
				B41B77B826513B3700DB1546 /* Assets.xcassets in Resources */,
				B41B77B326513B3000DB1546 /* Main.storyboard in Resources */,
			);
			runOnlyForDeploymentPostprocessing = 0;
		};
		B41B77BF26513B3700DB1546 /* Resources */ = {
			isa = PBXResourcesBuildPhase;
			buildActionMask = 2147483647;
			files = (
			);
			runOnlyForDeploymentPostprocessing = 0;
		};
		B41B77CA26513B3800DB1546 /* Resources */ = {
			isa = PBXResourcesBuildPhase;
			buildActionMask = 2147483647;
			files = (
			);
			runOnlyForDeploymentPostprocessing = 0;
		};
/* End PBXResourcesBuildPhase section */

/* Begin PBXSourcesBuildPhase section */
		B41B77A426513B3000DB1546 /* Sources */ = {
			isa = PBXSourcesBuildPhase;
			buildActionMask = 2147483647;
			files = (
				B41B77B026513B3000DB1546 /* ViewController.swift in Sources */,
				B41B77AC26513B3000DB1546 /* AppDelegate.swift in Sources */,
				B41B77AE26513B3000DB1546 /* SceneDelegate.swift in Sources */,
				B41B77B626513B3000DB1546 /* stopWatch.xcdatamodeld in Sources */,
			);
			runOnlyForDeploymentPostprocessing = 0;
		};
		B41B77BD26513B3700DB1546 /* Sources */ = {
			isa = PBXSourcesBuildPhase;
			buildActionMask = 2147483647;
			files = (
				B41B77C626513B3700DB1546 /* stopWatchTests.swift in Sources */,
			);
			runOnlyForDeploymentPostprocessing = 0;
		};
		B41B77C826513B3800DB1546 /* Sources */ = {
			isa = PBXSourcesBuildPhase;
			buildActionMask = 2147483647;
			files = (
				B41B77D126513B3800DB1546 /* stopWatchUITests.swift in Sources */,
			);
			runOnlyForDeploymentPostprocessing = 0;
		};
/* End PBXSourcesBuildPhase section */

/* Begin PBXTargetDependency section */
		B41B77C326513B3700DB1546 /* PBXTargetDependency */ = {
			isa = PBXTargetDependency;
			target = B41B77A726513B3000DB1546 /* stopWatch */;
			targetProxy = B41B77C226513B3700DB1546 /* PBXContainerItemProxy */;
		};
		B41B77CE26513B3800DB1546 /* PBXTargetDependency */ = {
			isa = PBXTargetDependency;
			target = B41B77A726513B3000DB1546 /* stopWatch */;
			targetProxy = B41B77CD26513B3800DB1546 /* PBXContainerItemProxy */;
		};
/* End PBXTargetDependency section */

/* Begin PBXVariantGroup section */
		B41B77B126513B3000DB1546 /* Main.storyboard */ = {
			isa = PBXVariantGroup;
			children = (
				B41B77B226513B3000DB1546 /* Base */,
			);
			name = Main.storyboard;
			sourceTree = "<group>";
		};
		B41B77B926513B3700DB1546 /* LaunchScreen.storyboard */ = {
			isa = PBXVariantGroup;
			children = (
				B41B77BA26513B3700DB1546 /* Base */,
			);
			name = LaunchScreen.storyboard;
			sourceTree = "<group>";
		};
/* End PBXVariantGroup section */

/* Begin XCBuildConfiguration section */
		B41B77D326513B3800DB1546 /* Debug */ = {
			isa = XCBuildConfiguration;
			buildSettings = {
				ALWAYS_SEARCH_USER_PATHS = NO;
				CLANG_ANALYZER_NONNULL = YES;
				CLANG_ANALYZER_NUMBER_OBJECT_CONVERSION = YES_AGGRESSIVE;
				CLANG_CXX_LANGUAGE_STANDARD = "gnu++14";
				CLANG_CXX_LIBRARY = "libc++";
				CLANG_ENABLE_MODULES = YES;
				CLANG_ENABLE_OBJC_ARC = YES;
				CLANG_ENABLE_OBJC_WEAK = YES;
				CLANG_WARN_BLOCK_CAPTURE_AUTORELEASING = YES;
				CLANG_WARN_BOOL_CONVERSION = YES;
				CLANG_WARN_COMMA = YES;
				CLANG_WARN_CONSTANT_CONVERSION = YES;
				CLANG_WARN_DEPRECATED_OBJC_IMPLEMENTATIONS = YES;
				CLANG_WARN_DIRECT_OBJC_ISA_USAGE = YES_ERROR;
				CLANG_WARN_DOCUMENTATION_COMMENTS = YES;
				CLANG_WARN_EMPTY_BODY = YES;
				CLANG_WARN_ENUM_CONVERSION = YES;
				CLANG_WARN_INFINITE_RECURSION = YES;
				CLANG_WARN_INT_CONVERSION = YES;
				CLANG_WARN_NON_LITERAL_NULL_CONVERSION = YES;
				CLANG_WARN_OBJC_IMPLICIT_RETAIN_SELF = YES;
				CLANG_WARN_OBJC_LITERAL_CONVERSION = YES;
				CLANG_WARN_OBJC_ROOT_CLASS = YES_ERROR;
				CLANG_WARN_QUOTED_INCLUDE_IN_FRAMEWORK_HEADER = YES;
				CLANG_WARN_RANGE_LOOP_ANALYSIS = YES;
				CLANG_WARN_STRICT_PROTOTYPES = YES;
				CLANG_WARN_SUSPICIOUS_MOVE = YES;
				CLANG_WARN_UNGUARDED_AVAILABILITY = YES_AGGRESSIVE;
				CLANG_WARN_UNREACHABLE_CODE = YES;
				CLANG_WARN__DUPLICATE_METHOD_MATCH = YES;
				COPY_PHASE_STRIP = NO;
				DEBUG_INFORMATION_FORMAT = dwarf;
				ENABLE_STRICT_OBJC_MSGSEND = YES;
				ENABLE_TESTABILITY = YES;
				GCC_C_LANGUAGE_STANDARD = gnu11;
				GCC_DYNAMIC_NO_PIC = NO;
				GCC_NO_COMMON_BLOCKS = YES;
				GCC_OPTIMIZATION_LEVEL = 0;
				GCC_PREPROCESSOR_DEFINITIONS = (
					"DEBUG=1",
					"$(inherited)",
				);
				GCC_WARN_64_TO_32_BIT_CONVERSION = YES;
				GCC_WARN_ABOUT_RETURN_TYPE = YES_ERROR;
				GCC_WARN_UNDECLARED_SELECTOR = YES;
				GCC_WARN_UNINITIALIZED_AUTOS = YES_AGGRESSIVE;
				GCC_WARN_UNUSED_FUNCTION = YES;
				GCC_WARN_UNUSED_VARIABLE = YES;
				IPHONEOS_DEPLOYMENT_TARGET = 14.5;
				MTL_ENABLE_DEBUG_INFO = INCLUDE_SOURCE;
				MTL_FAST_MATH = YES;
				ONLY_ACTIVE_ARCH = YES;
				SDKROOT = iphoneos;
				SWIFT_ACTIVE_COMPILATION_CONDITIONS = DEBUG;
				SWIFT_OPTIMIZATION_LEVEL = "-Onone";
			};
			name = Debug;
		};
		B41B77D426513B3800DB1546 /* Release */ = {
			isa = XCBuildConfiguration;
			buildSettings = {
				ALWAYS_SEARCH_USER_PATHS = NO;
				CLANG_ANALYZER_NONNULL = YES;
				CLANG_ANALYZER_NUMBER_OBJECT_CONVERSION = YES_AGGRESSIVE;
				CLANG_CXX_LANGUAGE_STANDARD = "gnu++14";
				CLANG_CXX_LIBRARY = "libc++";
				CLANG_ENABLE_MODULES = YES;
				CLANG_ENABLE_OBJC_ARC = YES;
				CLANG_ENABLE_OBJC_WEAK = YES;
				CLANG_WARN_BLOCK_CAPTURE_AUTORELEASING = YES;
				CLANG_WARN_BOOL_CONVERSION = YES;
				CLANG_WARN_COMMA = YES;
				CLANG_WARN_CONSTANT_CONVERSION = YES;
				CLANG_WARN_DEPRECATED_OBJC_IMPLEMENTATIONS = YES;
				CLANG_WARN_DIRECT_OBJC_ISA_USAGE = YES_ERROR;
				CLANG_WARN_DOCUMENTATION_COMMENTS = YES;
				CLANG_WARN_EMPTY_BODY = YES;
				CLANG_WARN_ENUM_CONVERSION = YES;
				CLANG_WARN_INFINITE_RECURSION = YES;
				CLANG_WARN_INT_CONVERSION = YES;
				CLANG_WARN_NON_LITERAL_NULL_CONVERSION = YES;
				CLANG_WARN_OBJC_IMPLICIT_RETAIN_SELF = YES;
				CLANG_WARN_OBJC_LITERAL_CONVERSION = YES;
				CLANG_WARN_OBJC_ROOT_CLASS = YES_ERROR;
				CLANG_WARN_QUOTED_INCLUDE_IN_FRAMEWORK_HEADER = YES;
				CLANG_WARN_RANGE_LOOP_ANALYSIS = YES;
				CLANG_WARN_STRICT_PROTOTYPES = YES;
				CLANG_WARN_SUSPICIOUS_MOVE = YES;
				CLANG_WARN_UNGUARDED_AVAILABILITY = YES_AGGRESSIVE;
				CLANG_WARN_UNREACHABLE_CODE = YES;
				CLANG_WARN__DUPLICATE_METHOD_MATCH = YES;
				COPY_PHASE_STRIP = NO;
				DEBUG_INFORMATION_FORMAT = "dwarf-with-dsym";
				ENABLE_NS_ASSERTIONS = NO;
				ENABLE_STRICT_OBJC_MSGSEND = YES;
				GCC_C_LANGUAGE_STANDARD = gnu11;
				GCC_NO_COMMON_BLOCKS = YES;
				GCC_WARN_64_TO_32_BIT_CONVERSION = YES;
				GCC_WARN_ABOUT_RETURN_TYPE = YES_ERROR;
				GCC_WARN_UNDECLARED_SELECTOR = YES;
				GCC_WARN_UNINITIALIZED_AUTOS = YES_AGGRESSIVE;
				GCC_WARN_UNUSED_FUNCTION = YES;
				GCC_WARN_UNUSED_VARIABLE = YES;
				IPHONEOS_DEPLOYMENT_TARGET = 14.5;
				MTL_ENABLE_DEBUG_INFO = NO;
				MTL_FAST_MATH = YES;
				SDKROOT = iphoneos;
				SWIFT_COMPILATION_MODE = wholemodule;
				SWIFT_OPTIMIZATION_LEVEL = "-O";
				VALIDATE_PRODUCT = YES;
			};
			name = Release;
		};
		B41B77D626513B3800DB1546 /* Debug */ = {
			isa = XCBuildConfiguration;
			buildSettings = {
				ASSETCATALOG_COMPILER_APPICON_NAME = AppIcon;
				ASSETCATALOG_COMPILER_GLOBAL_ACCENT_COLOR_NAME = AccentColor;
				CODE_SIGN_STYLE = Automatic;
				INFOPLIST_FILE = stopWatch/Info.plist;
				LD_RUNPATH_SEARCH_PATHS = (
					"$(inherited)",
					"@executable_path/Frameworks",
				);
				PRODUCT_BUNDLE_IDENTIFIER = www.formingbliss.com.stopWatch;
				PRODUCT_NAME = "$(TARGET_NAME)";
				SWIFT_VERSION = 5.0;
				TARGETED_DEVICE_FAMILY = "1,2";
			};
			name = Debug;
		};
		B41B77D726513B3800DB1546 /* Release */ = {
			isa = XCBuildConfiguration;
			buildSettings = {
				ASSETCATALOG_COMPILER_APPICON_NAME = AppIcon;
				ASSETCATALOG_COMPILER_GLOBAL_ACCENT_COLOR_NAME = AccentColor;
				CODE_SIGN_STYLE = Automatic;
				INFOPLIST_FILE = stopWatch/Info.plist;
				LD_RUNPATH_SEARCH_PATHS = (
					"$(inherited)",
					"@executable_path/Frameworks",
				);
				PRODUCT_BUNDLE_IDENTIFIER = www.formingbliss.com.stopWatch;
				PRODUCT_NAME = "$(TARGET_NAME)";
				SWIFT_VERSION = 5.0;
				TARGETED_DEVICE_FAMILY = "1,2";
			};
			name = Release;
		};
		B41B77D926513B3800DB1546 /* Debug */ = {
			isa = XCBuildConfiguration;
			buildSettings = {
				ALWAYS_EMBED_SWIFT_STANDARD_LIBRARIES = YES;
				BUNDLE_LOADER = "$(TEST_HOST)";
				CODE_SIGN_STYLE = Automatic;
				INFOPLIST_FILE = stopWatchTests/Info.plist;
				IPHONEOS_DEPLOYMENT_TARGET = 14.5;
				LD_RUNPATH_SEARCH_PATHS = (
					"$(inherited)",
					"@executable_path/Frameworks",
					"@loader_path/Frameworks",
				);
				PRODUCT_BUNDLE_IDENTIFIER = www.formingbliss.com.stopWatchTests;
				PRODUCT_NAME = "$(TARGET_NAME)";
				SWIFT_VERSION = 5.0;
				TARGETED_DEVICE_FAMILY = "1,2";
				TEST_HOST = "$(BUILT_PRODUCTS_DIR)/stopWatch.app/stopWatch";
			};
			name = Debug;
		};
		B41B77DA26513B3800DB1546 /* Release */ = {
			isa = XCBuildConfiguration;
			buildSettings = {
				ALWAYS_EMBED_SWIFT_STANDARD_LIBRARIES = YES;
				BUNDLE_LOADER = "$(TEST_HOST)";
				CODE_SIGN_STYLE = Automatic;
				INFOPLIST_FILE = stopWatchTests/Info.plist;
				IPHONEOS_DEPLOYMENT_TARGET = 14.5;
				LD_RUNPATH_SEARCH_PATHS = (
					"$(inherited)",
					"@executable_path/Frameworks",
					"@loader_path/Frameworks",
				);
				PRODUCT_BUNDLE_IDENTIFIER = www.formingbliss.com.stopWatchTests;
				PRODUCT_NAME = "$(TARGET_NAME)";
				SWIFT_VERSION = 5.0;
				TARGETED_DEVICE_FAMILY = "1,2";
				TEST_HOST = "$(BUILT_PRODUCTS_DIR)/stopWatch.app/stopWatch";
			};
			name = Release;
		};
		B41B77DC26513B3800DB1546 /* Debug */ = {
			isa = XCBuildConfiguration;
			buildSettings = {
				ALWAYS_EMBED_SWIFT_STANDARD_LIBRARIES = YES;
				CODE_SIGN_STYLE = Automatic;
				INFOPLIST_FILE = stopWatchUITests/Info.plist;
				LD_RUNPATH_SEARCH_PATHS = (
					"$(inherited)",
					"@executable_path/Frameworks",
					"@loader_path/Frameworks",
				);
				PRODUCT_BUNDLE_IDENTIFIER = www.formingbliss.com.stopWatchUITests;
				PRODUCT_NAME = "$(TARGET_NAME)";
				SWIFT_VERSION = 5.0;
				TARGETED_DEVICE_FAMILY = "1,2";
				TEST_TARGET_NAME = stopWatch;
			};
			name = Debug;
		};
		B41B77DD26513B3800DB1546 /* Release */ = {
			isa = XCBuildConfiguration;
			buildSettings = {
				ALWAYS_EMBED_SWIFT_STANDARD_LIBRARIES = YES;
				CODE_SIGN_STYLE = Automatic;
				INFOPLIST_FILE = stopWatchUITests/Info.plist;
				LD_RUNPATH_SEARCH_PATHS = (
					"$(inherited)",
					"@executable_path/Frameworks",
					"@loader_path/Frameworks",
				);
				PRODUCT_BUNDLE_IDENTIFIER = www.formingbliss.com.stopWatchUITests;
				PRODUCT_NAME = "$(TARGET_NAME)";
				SWIFT_VERSION = 5.0;
				TARGETED_DEVICE_FAMILY = "1,2";
				TEST_TARGET_NAME = stopWatch;
			};
			name = Release;
		};
/* End XCBuildConfiguration section */

/* Begin XCConfigurationList section */
		B41B77A326513B3000DB1546 /* Build configuration list for PBXProject "stopWatch" */ = {
			isa = XCConfigurationList;
			buildConfigurations = (
				B41B77D326513B3800DB1546 /* Debug */,
				B41B77D426513B3800DB1546 /* Release */,
			);
			defaultConfigurationIsVisible = 0;
			defaultConfigurationName = Release;
		};
		B41B77D526513B3800DB1546 /* Build configuration list for PBXNativeTarget "stopWatch" */ = {
			isa = XCConfigurationList;
			buildConfigurations = (
				B41B77D626513B3800DB1546 /* Debug */,
				B41B77D726513B3800DB1546 /* Release */,
			);
			defaultConfigurationIsVisible = 0;
			defaultConfigurationName = Release;
		};
		B41B77D826513B3800DB1546 /* Build configuration list for PBXNativeTarget "stopWatchTests" */ = {
			isa = XCConfigurationList;
			buildConfigurations = (
				B41B77D926513B3800DB1546 /* Debug */,
				B41B77DA26513B3800DB1546 /* Release */,
			);
			defaultConfigurationIsVisible = 0;
			defaultConfigurationName = Release;
		};
		B41B77DB26513B3800DB1546 /* Build configuration list for PBXNativeTarget "stopWatchUITests" */ = {
			isa = XCConfigurationList;
			buildConfigurations = (
				B41B77DC26513B3800DB1546 /* Debug */,
				B41B77DD26513B3800DB1546 /* Release */,
			);
			defaultConfigurationIsVisible = 0;
			defaultConfigurationName = Release;
		};
/* End XCConfigurationList section */

/* Begin XCVersionGroup section */
		B41B77B426513B3000DB1546 /* stopWatch.xcdatamodeld */ = {
			isa = XCVersionGroup;
			children = (
				B41B77B526513B3000DB1546 /* stopWatch.xcdatamodel */,
			);
			currentVersion = B41B77B526513B3000DB1546 /* stopWatch.xcdatamodel */;
			path = stopWatch.xcdatamodeld;
			sourceTree = "<group>";
			versionGroupType = wrapper.xcdatamodel;
		};
/* End XCVersionGroup section */
	};
	rootObject = B41B77A026513B3000DB1546 /* Project object */;
}
